
Microsoft Visual Studio Solution File, Format Version 11.00
# Visual Studio 2010
Project("{FAE04EC0-301F-11D3-BF4B-00C04F79EFBC}") = "UnityEngine.TestRunner", "UnityEngine.TestRunner.csproj", "{652e0eaf-cf32-8ce8-50d1-4d38d6e55fb2}"
EndProject
Project("{FAE04EC0-301F-11D3-BF4B-00C04F79EFBC}") = "UnityEngine.UI", "UnityEngine.UI.csproj", "{ff12dfe9-52a9-6ef4-dc17-33b02ca49ea6}"
EndProject
Project("{FAE04EC0-301F-11D3-BF4B-00C04F79EFBC}") = "Unity.VisualScripting.Flow", "Unity.VisualScripting.Flow.csproj", "{33e0777d-d7cf-1ba1-1baa-5fd4bd536f71}"
EndProject
Project("{FAE04EC0-301F-11D3-BF4B-00C04F79EFBC}") = "Unity.Services.Core.Telemetry", "Unity.Services.Core.Telemetry.csproj", "{d94f290b-a2fc-8b96-a322-d3f1067dcd0c}"
EndProject
Project("{FAE04EC0-301F-11D3-BF4B-00C04F79EFBC}") = "Unity.VisualScripting.State", "Unity.VisualScripting.State.csproj", "{5d708261-c99c-8dbf-6b43-4ed8ade8fbf5}"
EndProject
Project("{FAE04EC0-301F-11D3-BF4B-00C04F79EFBC}") = "Unity.VisualScripting.Core", "Unity.VisualScripting.Core.csproj", "{2df93078-30d6-0daa-5851-98f8e1a92351}"
EndProject
Project("{FAE04EC0-301F-11D3-BF4B-00C04F79EFBC}") = "Unity.Services.Core.Environments.Internal", "Unity.Services.Core.Environments.Internal.csproj", "{f3a0a70a-d51d-cb44-04c0-e1eb8026263e}"
EndProject
Project("{FAE04EC0-301F-11D3-BF4B-00C04F79EFBC}") = "Unity.TextMeshPro", "Unity.TextMeshPro.csproj", "{73e60b15-3379-4da5-bc5a-bab42f982b5b}"
EndProject
Project("{FAE04EC0-301F-11D3-BF4B-00C04F79EFBC}") = "Unity.Timeline", "Unity.Timeline.csproj", "{a1e8eda2-553e-5909-db22-3f94b20b4d3d}"
EndProject
Project("{FAE04EC0-301F-11D3-BF4B-00C04F79EFBC}") = "Unity.Services.Core", "Unity.Services.Core.csproj", "{91da83ad-a4a6-6ac2-5d37-e0892a7970db}"
EndProject
Project("{FAE04EC0-301F-11D3-BF4B-00C04F79EFBC}") = "Unity.Services.Core.Environments", "Unity.Services.Core.Environments.csproj", "{85813386-07e1-a4d5-5f0e-1bb2ef5275db}"
EndProject
Project("{FAE04EC0-301F-11D3-BF4B-00C04F79EFBC}") = "Unity.Services.Core.Internal", "Unity.Services.Core.Internal.csproj", "{a7d09014-5590-4a5d-f167-86e6cedff770}"
EndProject
Project("{FAE04EC0-301F-11D3-BF4B-00C04F79EFBC}") = "Unity.Services.Core.Analytics", "Unity.Services.Core.Analytics.csproj", "{3a45f566-a6db-816c-df6a-3982682941dc}"
EndProject
Project("{FAE04EC0-301F-11D3-BF4B-00C04F79EFBC}") = "Unity.Services.Core.Scheduler", "Unity.Services.Core.Scheduler.csproj", "{84f67f59-cab9-77ca-978c-999778d3a0eb}"
EndProject
Project("{FAE04EC0-301F-11D3-BF4B-00C04F79EFBC}") = "Unity.Services.Core.Registration", "Unity.Services.Core.Registration.csproj", "{9a7bd303-5348-07a8-1e4e-bb490c6e0a94}"
EndProject
Project("{FAE04EC0-301F-11D3-BF4B-00C04F79EFBC}") = "Unity.Services.Core.Device", "Unity.Services.Core.Device.csproj", "{ed1b2bdc-7747-306c-2675-107a6041fbf8}"
EndProject
Project("{FAE04EC0-301F-11D3-BF4B-00C04F79EFBC}") = "Unity.Services.Core.Threading", "Unity.Services.Core.Threading.csproj", "{3166a201-ad94-ee39-2457-72941720439a}"
EndProject
Project("{FAE04EC0-301F-11D3-BF4B-00C04F79EFBC}") = "Unity.Services.Core.Networking", "Unity.Services.Core.Networking.csproj", "{41c51b56-a4c9-ea56-4844-9206f17d8e9e}"
EndProject
Project("{FAE04EC0-301F-11D3-BF4B-00C04F79EFBC}") = "Unity.Services.Core.Configuration", "Unity.Services.Core.Configuration.csproj", "{b4bdfa52-cc12-3f79-c0e0-8540d9929614}"
EndProject
Project("{FAE04EC0-301F-11D3-BF4B-00C04F79EFBC}") = "Unity.PlasticSCM.Editor", "Unity.PlasticSCM.Editor.csproj", "{ea391687-f67e-b4b8-3344-c8a33bad08a5}"
EndProject
Project("{FAE04EC0-301F-11D3-BF4B-00C04F79EFBC}") = "Unity.VisualScripting.Core.Editor", "Unity.VisualScripting.Core.Editor.csproj", "{4fd78430-4f35-730d-f0c0-5082ae1917a2}"
EndProject
Project("{FAE04EC0-301F-11D3-BF4B-00C04F79EFBC}") = "Unity.VisualScripting.Flow.Editor", "Unity.VisualScripting.Flow.Editor.csproj", "{bd57f49e-1805-433a-55dc-4f2effaeba7b}"
EndProject
Project("{FAE04EC0-301F-11D3-BF4B-00C04F79EFBC}") = "Unity.VisualStudio.Editor", "Unity.VisualStudio.Editor.csproj", "{6d35db99-8360-9f9e-d8cc-4698df83c823}"
EndProject
Project("{FAE04EC0-301F-11D3-BF4B-00C04F79EFBC}") = "Unity.Timeline.Editor", "Unity.Timeline.Editor.csproj", "{755966da-9d57-0e87-70ea-c62169a52a5b}"
EndProject
Project("{FAE04EC0-301F-11D3-BF4B-00C04F79EFBC}") = "Unity.VisualScripting.State.Editor", "Unity.VisualScripting.State.Editor.csproj", "{147b7ba9-b7cd-ebe0-26af-afc79f75b76f}"
EndProject
Project("{FAE04EC0-301F-11D3-BF4B-00C04F79EFBC}") = "Unity.TextMeshPro.Editor", "Unity.TextMeshPro.Editor.csproj", "{baa3eb7d-b514-f2a8-2c70-abd80f4de685}"
EndProject
Project("{FAE04EC0-301F-11D3-BF4B-00C04F79EFBC}") = "Unity.VisualScripting.SettingsProvider.Editor", "Unity.VisualScripting.SettingsProvider.Editor.csproj", "{a13388fb-c0e6-e193-52c5-c6678eee8f90}"
EndProject
Project("{FAE04EC0-301F-11D3-BF4B-00C04F79EFBC}") = "Unity.CollabProxy.Editor", "Unity.CollabProxy.Editor.csproj", "{81298f15-e259-3b5e-fe1a-9d1ee37abf1d}"
EndProject
Project("{FAE04EC0-301F-11D3-BF4B-00C04F79EFBC}") = "UnityEditor.TestRunner", "UnityEditor.TestRunner.csproj", "{3b2ad2ae-a1e5-037c-d866-b2bc4c43e2a9}"
EndProject
Project("{FAE04EC0-301F-11D3-BF4B-00C04F79EFBC}") = "Unity.Services.Core.Editor", "Unity.Services.Core.Editor.csproj", "{d6d7cc50-4a40-3976-86ee-7961048ad86a}"
EndProject
Project("{FAE04EC0-301F-11D3-BF4B-00C04F79EFBC}") = "Unity.TestTools.CodeCoverage.Editor", "Unity.TestTools.CodeCoverage.Editor.csproj", "{be6b2a8e-4c25-ccb8-0a47-6944ff06fb1b}"
EndProject
Project("{FAE04EC0-301F-11D3-BF4B-00C04F79EFBC}") = "Unity.Rider.Editor", "Unity.Rider.Editor.csproj", "{d2c353b8-5862-d75f-8e02-11a0d112431e}"
EndProject
Project("{FAE04EC0-301F-11D3-BF4B-00C04F79EFBC}") = "Unity.Performance.Profile-Analyzer.Editor", "Unity.Performance.Profile-Analyzer.Editor.csproj", "{e2b2e96b-247c-cd41-1207-1dd2746e0d41}"
EndProject
Project("{FAE04EC0-301F-11D3-BF4B-00C04F79EFBC}") = "Unity.VSCode.Editor", "Unity.VSCode.Editor.csproj", "{b6596cbc-6a51-85fc-95de-f98f094fbce9}"
EndProject
Project("{FAE04EC0-301F-11D3-BF4B-00C04F79EFBC}") = "UnityEditor.UI", "UnityEditor.UI.csproj", "{3059b24f-963b-de18-23a1-5d543cb53d0d}"
EndProject
Project("{FAE04EC0-301F-11D3-BF4B-00C04F79EFBC}") = "Unity.TestTools.CodeCoverage.Editor.OpenCover.Model", "Unity.TestTools.CodeCoverage.Editor.OpenCover.Model.csproj", "{0f0695c4-2e44-25e5-f049-79287d19192f}"
EndProject
Project("{FAE04EC0-301F-11D3-BF4B-00C04F79EFBC}") = "Unity.EditorCoroutines.Editor", "Unity.EditorCoroutines.Editor.csproj", "{0091fca4-d346-05ee-6e61-7be72531f637}"
EndProject
Project("{FAE04EC0-301F-11D3-BF4B-00C04F79EFBC}") = "Unity.Settings.Editor", "Unity.Settings.Editor.csproj", "{bf1a5ac2-e36d-2542-5797-f3b4996a0dfd}"
EndProject
Project("{FAE04EC0-301F-11D3-BF4B-00C04F79EFBC}") = "Unity.Services.Core.Configuration.Editor", "Unity.Services.Core.Configuration.Editor.csproj", "{51fe461b-cbfb-d6aa-b860-d8361ed1ef0d}"
EndProject
Project("{FAE04EC0-301F-11D3-BF4B-00C04F79EFBC}") = "Unity.TestTools.CodeCoverage.Editor.OpenCover.Mono.Reflection", "Unity.TestTools.CodeCoverage.Editor.OpenCover.Mono.Reflection.csproj", "{b64845a2-d22b-66d1-c9c4-68a748e6b2d3}"
EndProject
Project("{FAE04EC0-301F-11D3-BF4B-00C04F79EFBC}") = "Unity.VisualScripting.Shared.Editor", "Unity.VisualScripting.Shared.Editor.csproj", "{93ccd62a-1c78-9591-c87d-2aa46c552600}"
EndProject
Project("{FAE04EC0-301F-11D3-BF4B-00C04F79EFBC}") = "Assembly-CSharp", "Assembly-CSharp.csproj", "{9aceca50-6645-ede3-c985-91595b41f220}"
EndProject
Project("{FAE04EC0-301F-11D3-BF4B-00C04F79EFBC}") = "UnityEngine.UI.Tests", "UnityEngine.UI.Tests.csproj", "{3c30752f-2e2e-b041-b792-5c1b1c61b2ef}"
EndProject
Project("{FAE04EC0-301F-11D3-BF4B-00C04F79EFBC}") = "UnityEditor.UI.EditorTests", "UnityEditor.UI.EditorTests.csproj", "{290c2fce-8ec7-2867-b813-a367553036ed}"
EndProject
Project("{FAE04EC0-301F-11D3-BF4B-00C04F79EFBC}") = "Unity.TextMeshPro.Tests", "Unity.TextMeshPro.Tests.csproj", "{c2bb21d7-dd6e-3b55-6e65-7b73b4baafa4}"
EndProject
Project("{FAE04EC0-301F-11D3-BF4B-00C04F79EFBC}") = "DocCodeExamples", "DocCodeExamples.csproj", "{18ca1df4-49ae-18f7-126c-7909fca63fa1}"
EndProject
Project("{FAE04EC0-301F-11D3-BF4B-00C04F79EFBC}") = "Unity.TestTools.CodeCoverage.Editor.Compatibility", "Unity.TestTools.CodeCoverage.Editor.Compatibility.csproj", "{96310d03-7484-75eb-70ab-51e245fd8fd3}"
EndProject
Project("{FAE04EC0-301F-11D3-BF4B-00C04F79EFBC}") = "Unity.TextMeshPro.Editor.Tests", "Unity.TextMeshPro.Editor.Tests.csproj", "{cfc9c344-66cf-847e-453b-9d8447ea39df}"
EndProject
Project("{FAE04EC0-301F-11D3-BF4B-00C04F79EFBC}") = "Unity.Settings.Tests", "Unity.Settings.Tests.csproj", "{01e19a49-b74d-cbc5-6ee2-efb8da53cbe4}"
EndProject
Project("{FAE04EC0-301F-11D3-BF4B-00C04F79EFBC}") = "Unity.Performance.Profile-Analyzer.EditorTests", "Unity.Performance.Profile-Analyzer.EditorTests.csproj", "{b006d28b-45a4-6df2-f0df-7778f36fc938}"
EndProject
Global
	GlobalSection(SolutionConfigurationPlatforms) = preSolution
		Debug|Any CPU = Debug|Any CPU
	EndGlobalSection
	GlobalSection(ProjectConfigurationPlatforms) = postSolution
		{652e0eaf-cf32-8ce8-50d1-4d38d6e55fb2}.Debug|Any CPU.ActiveCfg = Debug|Any CPU
		{652e0eaf-cf32-8ce8-50d1-4d38d6e55fb2}.Debug|Any CPU.Build.0 = Debug|Any CPU
		{ff12dfe9-52a9-6ef4-dc17-33b02ca49ea6}.Debug|Any CPU.ActiveCfg = Debug|Any CPU
		{ff12dfe9-52a9-6ef4-dc17-33b02ca49ea6}.Debug|Any CPU.Build.0 = Debug|Any CPU
		{33e0777d-d7cf-1ba1-1baa-5fd4bd536f71}.Debug|Any CPU.ActiveCfg = Debug|Any CPU
		{33e0777d-d7cf-1ba1-1baa-5fd4bd536f71}.Debug|Any CPU.Build.0 = Debug|Any CPU
		{d94f290b-a2fc-8b96-a322-d3f1067dcd0c}.Debug|Any CPU.ActiveCfg = Debug|Any CPU
		{d94f290b-a2fc-8b96-a322-d3f1067dcd0c}.Debug|Any CPU.Build.0 = Debug|Any CPU
		{5d708261-c99c-8dbf-6b43-4ed8ade8fbf5}.Debug|Any CPU.ActiveCfg = Debug|Any CPU
		{5d708261-c99c-8dbf-6b43-4ed8ade8fbf5}.Debug|Any CPU.Build.0 = Debug|Any CPU
		{2df93078-30d6-0daa-5851-98f8e1a92351}.Debug|Any CPU.ActiveCfg = Debug|Any CPU
		{2df93078-30d6-0daa-5851-98f8e1a92351}.Debug|Any CPU.Build.0 = Debug|Any CPU
		{f3a0a70a-d51d-cb44-04c0-e1eb8026263e}.Debug|Any CPU.ActiveCfg = Debug|Any CPU
		{f3a0a70a-d51d-cb44-04c0-e1eb8026263e}.Debug|Any CPU.Build.0 = Debug|Any CPU
		{73e60b15-3379-4da5-bc5a-bab42f982b5b}.Debug|Any CPU.ActiveCfg = Debug|Any CPU
		{73e60b15-3379-4da5-bc5a-bab42f982b5b}.Debug|Any CPU.Build.0 = Debug|Any CPU
		{a1e8eda2-553e-5909-db22-3f94b20b4d3d}.Debug|Any CPU.ActiveCfg = Debug|Any CPU
		{a1e8eda2-553e-5909-db22-3f94b20b4d3d}.Debug|Any CPU.Build.0 = Debug|Any CPU
		{91da83ad-a4a6-6ac2-5d37-e0892a7970db}.Debug|Any CPU.ActiveCfg = Debug|Any CPU
		{91da83ad-a4a6-6ac2-5d37-e0892a7970db}.Debug|Any CPU.Build.0 = Debug|Any CPU
		{85813386-07e1-a4d5-5f0e-1bb2ef5275db}.Debug|Any CPU.ActiveCfg = Debug|Any CPU
		{85813386-07e1-a4d5-5f0e-1bb2ef5275db}.Debug|Any CPU.Build.0 = Debug|Any CPU
		{a7d09014-5590-4a5d-f167-86e6cedff770}.Debug|Any CPU.ActiveCfg = Debug|Any CPU
		{a7d09014-5590-4a5d-f167-86e6cedff770}.Debug|Any CPU.Build.0 = Debug|Any CPU
		{3a45f566-a6db-816c-df6a-3982682941dc}.Debug|Any CPU.ActiveCfg = Debug|Any CPU
		{3a45f566-a6db-816c-df6a-3982682941dc}.Debug|Any CPU.Build.0 = Debug|Any CPU
		{84f67f59-cab9-77ca-978c-999778d3a0eb}.Debug|Any CPU.ActiveCfg = Debug|Any CPU
		{84f67f59-cab9-77ca-978c-999778d3a0eb}.Debug|Any CPU.Build.0 = Debug|Any CPU
		{9a7bd303-5348-07a8-1e4e-bb490c6e0a94}.Debug|Any CPU.ActiveCfg = Debug|Any CPU
		{9a7bd303-5348-07a8-1e4e-bb490c6e0a94}.Debug|Any CPU.Build.0 = Debug|Any CPU
		{ed1b2bdc-7747-306c-2675-107a6041fbf8}.Debug|Any CPU.ActiveCfg = Debug|Any CPU
		{ed1b2bdc-7747-306c-2675-107a6041fbf8}.Debug|Any CPU.Build.0 = Debug|Any CPU
		{3166a201-ad94-ee39-2457-72941720439a}.Debug|Any CPU.ActiveCfg = Debug|Any CPU
		{3166a201-ad94-ee39-2457-72941720439a}.Debug|Any CPU.Build.0 = Debug|Any CPU
		{41c51b56-a4c9-ea56-4844-9206f17d8e9e}.Debug|Any CPU.ActiveCfg = Debug|Any CPU
		{41c51b56-a4c9-ea56-4844-9206f17d8e9e}.Debug|Any CPU.Build.0 = Debug|Any CPU
		{b4bdfa52-cc12-3f79-c0e0-8540d9929614}.Debug|Any CPU.ActiveCfg = Debug|Any CPU
		{b4bdfa52-cc12-3f79-c0e0-8540d9929614}.Debug|Any CPU.Build.0 = Debug|Any CPU
		{ea391687-f67e-b4b8-3344-c8a33bad08a5}.Debug|Any CPU.ActiveCfg = Debug|Any CPU
		{ea391687-f67e-b4b8-3344-c8a33bad08a5}.Debug|Any CPU.Build.0 = Debug|Any CPU
		{4fd78430-4f35-730d-f0c0-5082ae1917a2}.Debug|Any CPU.ActiveCfg = Debug|Any CPU
		{4fd78430-4f35-730d-f0c0-5082ae1917a2}.Debug|Any CPU.Build.0 = Debug|Any CPU
		{bd57f49e-1805-433a-55dc-4f2effaeba7b}.Debug|Any CPU.ActiveCfg = Debug|Any CPU
		{bd57f49e-1805-433a-55dc-4f2effaeba7b}.Debug|Any CPU.Build.0 = Debug|Any CPU
		{6d35db99-8360-9f9e-d8cc-4698df83c823}.Debug|Any CPU.ActiveCfg = Debug|Any CPU
		{6d35db99-8360-9f9e-d8cc-4698df83c823}.Debug|Any CPU.Build.0 = Debug|Any CPU
		{755966da-9d57-0e87-70ea-c62169a52a5b}.Debug|Any CPU.ActiveCfg = Debug|Any CPU
		{755966da-9d57-0e87-70ea-c62169a52a5b}.Debug|Any CPU.Build.0 = Debug|Any CPU
		{147b7ba9-b7cd-ebe0-26af-afc79f75b76f}.Debug|Any CPU.ActiveCfg = Debug|Any CPU
		{147b7ba9-b7cd-ebe0-26af-afc79f75b76f}.Debug|Any CPU.Build.0 = Debug|Any CPU
		{baa3eb7d-b514-f2a8-2c70-abd80f4de685}.Debug|Any CPU.ActiveCfg = Debug|Any CPU
		{baa3eb7d-b514-f2a8-2c70-abd80f4de685}.Debug|Any CPU.Build.0 = Debug|Any CPU
		{a13388fb-c0e6-e193-52c5-c6678eee8f90}.Debug|Any CPU.ActiveCfg = Debug|Any CPU
		{a13388fb-c0e6-e193-52c5-c6678eee8f90}.Debug|Any CPU.Build.0 = Debug|Any CPU
		{81298f15-e259-3b5e-fe1a-9d1ee37abf1d}.Debug|Any CPU.ActiveCfg = Debug|Any CPU
		{81298f15-e259-3b5e-fe1a-9d1ee37abf1d}.Debug|Any CPU.Build.0 = Debug|Any CPU
		{3b2ad2ae-a1e5-037c-d866-b2bc4c43e2a9}.Debug|Any CPU.ActiveCfg = Debug|Any CPU
		{3b2ad2ae-a1e5-037c-d866-b2bc4c43e2a9}.Debug|Any CPU.Build.0 = Debug|Any CPU
		{d6d7cc50-4a40-3976-86ee-7961048ad86a}.Debug|Any CPU.ActiveCfg = Debug|Any CPU
		{d6d7cc50-4a40-3976-86ee-7961048ad86a}.Debug|Any CPU.Build.0 = Debug|Any CPU
		{be6b2a8e-4c25-ccb8-0a47-6944ff06fb1b}.Debug|Any CPU.ActiveCfg = Debug|Any CPU
		{be6b2a8e-4c25-ccb8-0a47-6944ff06fb1b}.Debug|Any CPU.Build.0 = Debug|Any CPU
		{d2c353b8-5862-d75f-8e02-11a0d112431e}.Debug|Any CPU.ActiveCfg = Debug|Any CPU
		{d2c353b8-5862-d75f-8e02-11a0d112431e}.Debug|Any CPU.Build.0 = Debug|Any CPU
		{e2b2e96b-247c-cd41-1207-1dd2746e0d41}.Debug|Any CPU.ActiveCfg = Debug|Any CPU
		{e2b2e96b-247c-cd41-1207-1dd2746e0d41}.Debug|Any CPU.Build.0 = Debug|Any CPU
		{b6596cbc-6a51-85fc-95de-f98f094fbce9}.Debug|Any CPU.ActiveCfg = Debug|Any CPU
		{b6596cbc-6a51-85fc-95de-f98f094fbce9}.Debug|Any CPU.Build.0 = Debug|Any CPU
		{3059b24f-963b-de18-23a1-5d543cb53d0d}.Debug|Any CPU.ActiveCfg = Debug|Any CPU
		{3059b24f-963b-de18-23a1-5d543cb53d0d}.Debug|Any CPU.Build.0 = Debug|Any CPU
		{0f0695c4-2e44-25e5-f049-79287d19192f}.Debug|Any CPU.ActiveCfg = Debug|Any CPU
		{0f0695c4-2e44-25e5-f049-79287d19192f}.Debug|Any CPU.Build.0 = Debug|Any CPU
		{0091fca4-d346-05ee-6e61-7be72531f637}.Debug|Any CPU.ActiveCfg = Debug|Any CPU
		{0091fca4-d346-05ee-6e61-7be72531f637}.Debug|Any CPU.Build.0 = Debug|Any CPU
		{bf1a5ac2-e36d-2542-5797-f3b4996a0dfd}.Debug|Any CPU.ActiveCfg = Debug|Any CPU
		{bf1a5ac2-e36d-2542-5797-f3b4996a0dfd}.Debug|Any CPU.Build.0 = Debug|Any CPU
		{51fe461b-cbfb-d6aa-b860-d8361ed1ef0d}.Debug|Any CPU.ActiveCfg = Debug|Any CPU
		{51fe461b-cbfb-d6aa-b860-d8361ed1ef0d}.Debug|Any CPU.Build.0 = Debug|Any CPU
		{b64845a2-d22b-66d1-c9c4-68a748e6b2d3}.Debug|Any CPU.ActiveCfg = Debug|Any CPU
		{b64845a2-d22b-66d1-c9c4-68a748e6b2d3}.Debug|Any CPU.Build.0 = Debug|Any CPU
		{93ccd62a-1c78-9591-c87d-2aa46c552600}.Debug|Any CPU.ActiveCfg = Debug|Any CPU
		{93ccd62a-1c78-9591-c87d-2aa46c552600}.Debug|Any CPU.Build.0 = Debug|Any CPU
		{9aceca50-6645-ede3-c985-91595b41f220}.Debug|Any CPU.ActiveCfg = Debug|Any CPU
		{9aceca50-6645-ede3-c985-91595b41f220}.Debug|Any CPU.Build.0 = Debug|Any CPU
		{3c30752f-2e2e-b041-b792-5c1b1c61b2ef}.Debug|Any CPU.ActiveCfg = Debug|Any CPU
		{3c30752f-2e2e-b041-b792-5c1b1c61b2ef}.Debug|Any CPU.Build.0 = Debug|Any CPU
		{290c2fce-8ec7-2867-b813-a367553036ed}.Debug|Any CPU.ActiveCfg = Debug|Any CPU
		{290c2fce-8ec7-2867-b813-a367553036ed}.Debug|Any CPU.Build.0 = Debug|Any CPU
		{c2bb21d7-dd6e-3b55-6e65-7b73b4baafa4}.Debug|Any CPU.ActiveCfg = Debug|Any CPU
		{c2bb21d7-dd6e-3b55-6e65-7b73b4baafa4}.Debug|Any CPU.Build.0 = Debug|Any CPU
		{18ca1df4-49ae-18f7-126c-7909fca63fa1}.Debug|Any CPU.ActiveCfg = Debug|Any CPU
		{18ca1df4-49ae-18f7-126c-7909fca63fa1}.Debug|Any CPU.Build.0 = Debug|Any CPU
		{96310d03-7484-75eb-70ab-51e245fd8fd3}.Debug|Any CPU.ActiveCfg = Debug|Any CPU
		{96310d03-7484-75eb-70ab-51e245fd8fd3}.Debug|Any CPU.Build.0 = Debug|Any CPU
		{cfc9c344-66cf-847e-453b-9d8447ea39df}.Debug|Any CPU.ActiveCfg = Debug|Any CPU
		{cfc9c344-66cf-847e-453b-9d8447ea39df}.Debug|Any CPU.Build.0 = Debug|Any CPU
		{01e19a49-b74d-cbc5-6ee2-efb8da53cbe4}.Debug|Any CPU.ActiveCfg = Debug|Any CPU
		{01e19a49-b74d-cbc5-6ee2-efb8da53cbe4}.Debug|Any CPU.Build.0 = Debug|Any CPU
		{b006d28b-45a4-6df2-f0df-7778f36fc938}.Debug|Any CPU.ActiveCfg = Debug|Any CPU
		{b006d28b-45a4-6df2-f0df-7778f36fc938}.Debug|Any CPU.Build.0 = Debug|Any CPU
	EndGlobalSection
	GlobalSection(SolutionProperties) = preSolution
		HideSolutionNode = FALSE
	EndGlobalSection
EndGlobal
